// !$*UTF8*$!
{
	archiveVersion = 1;
	classes = {
	};
	objectVersion = 50;
	objects = {

/* Begin PBXBuildFile section */
		8209BEB0244C9BBB007C5CFE /* AppDelegate.swift in Sources */ = {isa = PBXBuildFile; fileRef = 8209BEAF244C9BBB007C5CFE /* AppDelegate.swift */; };
		8209BEB2244C9BBB007C5CFE /* SceneDelegate.swift in Sources */ = {isa = PBXBuildFile; fileRef = 8209BEB1244C9BBB007C5CFE /* SceneDelegate.swift */; };
		8209BEB4244C9BBB007C5CFE /* ViewController.swift in Sources */ = {isa = PBXBuildFile; fileRef = 8209BEB3244C9BBB007C5CFE /* ViewController.swift */; };
		8209BEB7244C9BBB007C5CFE /* Main.storyboard in Resources */ = {isa = PBXBuildFile; fileRef = 8209BEB5244C9BBB007C5CFE /* Main.storyboard */; };
		8209BEBA244C9BBB007C5CFE /* KeyboardCtrl.xcdatamodeld in Sources */ = {isa = PBXBuildFile; fileRef = 8209BEB8244C9BBB007C5CFE /* KeyboardCtrl.xcdatamodeld */; };
		8209BEBC244C9BBB007C5CFE /* Assets.xcassets in Resources */ = {isa = PBXBuildFile; fileRef = 8209BEBB244C9BBB007C5CFE /* Assets.xcassets */; };
		8209BEBF244C9BBB007C5CFE /* LaunchScreen.storyboard in Resources */ = {isa = PBXBuildFile; fileRef = 8209BEBD244C9BBB007C5CFE /* LaunchScreen.storyboard */; };
		8209BECA244C9BBB007C5CFE /* KeyboardCtrlTests.swift in Sources */ = {isa = PBXBuildFile; fileRef = 8209BEC9244C9BBB007C5CFE /* KeyboardCtrlTests.swift */; };
		8209BED5244C9BBC007C5CFE /* KeyboardCtrlUITests.swift in Sources */ = {isa = PBXBuildFile; fileRef = 8209BED4244C9BBC007C5CFE /* KeyboardCtrlUITests.swift */; };
/* End PBXBuildFile section */

/* Begin PBXContainerItemProxy section */
		8209BEC6244C9BBB007C5CFE /* PBXContainerItemProxy */ = {
			isa = PBXContainerItemProxy;
			containerPortal = 8209BEA4244C9BBA007C5CFE /* Project object */;
			proxyType = 1;
			remoteGlobalIDString = 8209BEAB244C9BBB007C5CFE;
			remoteInfo = KeyboardCtrl;
		};
		8209BED1244C9BBC007C5CFE /* PBXContainerItemProxy */ = {
			isa = PBXContainerItemProxy;
			containerPortal = 8209BEA4244C9BBA007C5CFE /* Project object */;
			proxyType = 1;
			remoteGlobalIDString = 8209BEAB244C9BBB007C5CFE;
			remoteInfo = KeyboardCtrl;
		};
/* End PBXContainerItemProxy section */

/* Begin PBXFileReference section */
		8209BEAC244C9BBB007C5CFE /* KeyboardCtrl.app */ = {isa = PBXFileReference; explicitFileType = wrapper.application; includeInIndex = 0; path = KeyboardCtrl.app; sourceTree = BUILT_PRODUCTS_DIR; };
		8209BEAF244C9BBB007C5CFE /* AppDelegate.swift */ = {isa = PBXFileReference; lastKnownFileType = sourcecode.swift; path = AppDelegate.swift; sourceTree = "<group>"; };
		8209BEB1244C9BBB007C5CFE /* SceneDelegate.swift */ = {isa = PBXFileReference; lastKnownFileType = sourcecode.swift; path = SceneDelegate.swift; sourceTree = "<group>"; };
		8209BEB3244C9BBB007C5CFE /* ViewController.swift */ = {isa = PBXFileReference; lastKnownFileType = sourcecode.swift; path = ViewController.swift; sourceTree = "<group>"; };
		8209BEB6244C9BBB007C5CFE /* Base */ = {isa = PBXFileReference; lastKnownFileType = file.storyboard; name = Base; path = Base.lproj/Main.storyboard; sourceTree = "<group>"; };
		8209BEB9244C9BBB007C5CFE /* KeyboardCtrl.xcdatamodel */ = {isa = PBXFileReference; lastKnownFileType = wrapper.xcdatamodel; path = KeyboardCtrl.xcdatamodel; sourceTree = "<group>"; };
		8209BEBB244C9BBB007C5CFE /* Assets.xcassets */ = {isa = PBXFileReference; lastKnownFileType = folder.assetcatalog; path = Assets.xcassets; sourceTree = "<group>"; };
		8209BEBE244C9BBB007C5CFE /* Base */ = {isa = PBXFileReference; lastKnownFileType = file.storyboard; name = Base; path = Base.lproj/LaunchScreen.storyboard; sourceTree = "<group>"; };
		8209BEC0244C9BBB007C5CFE /* Info.plist */ = {isa = PBXFileReference; lastKnownFileType = text.plist.xml; path = Info.plist; sourceTree = "<group>"; };
		8209BEC5244C9BBB007C5CFE /* KeyboardCtrlTests.xctest */ = {isa = PBXFileReference; explicitFileType = wrapper.cfbundle; includeInIndex = 0; path = KeyboardCtrlTests.xctest; sourceTree = BUILT_PRODUCTS_DIR; };
		8209BEC9244C9BBB007C5CFE /* KeyboardCtrlTests.swift */ = {isa = PBXFileReference; lastKnownFileType = sourcecode.swift; path = KeyboardCtrlTests.swift; sourceTree = "<group>"; };
		8209BECB244C9BBB007C5CFE /* Info.plist */ = {isa = PBXFileReference; lastKnownFileType = text.plist.xml; path = Info.plist; sourceTree = "<group>"; };
		8209BED0244C9BBC007C5CFE /* KeyboardCtrlUITests.xctest */ = {isa = PBXFileReference; explicitFileType = wrapper.cfbundle; includeInIndex = 0; path = KeyboardCtrlUITests.xctest; sourceTree = BUILT_PRODUCTS_DIR; };
		8209BED4244C9BBC007C5CFE /* KeyboardCtrlUITests.swift */ = {isa = PBXFileReference; lastKnownFileType = sourcecode.swift; path = KeyboardCtrlUITests.swift; sourceTree = "<group>"; };
		8209BED6244C9BBC007C5CFE /* Info.plist */ = {isa = PBXFileReference; lastKnownFileType = text.plist.xml; path = Info.plist; sourceTree = "<group>"; };
/* End PBXFileReference section */

/* Begin PBXFrameworksBuildPhase section */
		8209BEA9244C9BBB007C5CFE /* Frameworks */ = {
			isa = PBXFrameworksBuildPhase;
			buildActionMask = 2147483647;
			files = (
			);
			runOnlyForDeploymentPostprocessing = 0;
		};
		8209BEC2244C9BBB007C5CFE /* Frameworks */ = {
			isa = PBXFrameworksBuildPhase;
			buildActionMask = 2147483647;
			files = (
			);
			runOnlyForDeploymentPostprocessing = 0;
		};
		8209BECD244C9BBC007C5CFE /* Frameworks */ = {
			isa = PBXFrameworksBuildPhase;
			buildActionMask = 2147483647;
			files = (
			);
			runOnlyForDeploymentPostprocessing = 0;
		};
/* End PBXFrameworksBuildPhase section */

/* Begin PBXGroup section */
		8209BEA3244C9BBA007C5CFE = {
			isa = PBXGroup;
			children = (
				8209BEAE244C9BBB007C5CFE /* KeyboardCtrl */,
				8209BEC8244C9BBB007C5CFE /* KeyboardCtrlTests */,
				8209BED3244C9BBC007C5CFE /* KeyboardCtrlUITests */,
				8209BEAD244C9BBB007C5CFE /* Products */,
			);
			sourceTree = "<group>";
		};
		8209BEAD244C9BBB007C5CFE /* Products */ = {
			isa = PBXGroup;
			children = (
				8209BEAC244C9BBB007C5CFE /* KeyboardCtrl.app */,
				8209BEC5244C9BBB007C5CFE /* KeyboardCtrlTests.xctest */,
				8209BED0244C9BBC007C5CFE /* KeyboardCtrlUITests.xctest */,
			);
			name = Products;
			sourceTree = "<group>";
		};
		8209BEAE244C9BBB007C5CFE /* KeyboardCtrl */ = {
			isa = PBXGroup;
			children = (
				8209BEAF244C9BBB007C5CFE /* AppDelegate.swift */,
				8209BEB1244C9BBB007C5CFE /* SceneDelegate.swift */,
				8209BEB3244C9BBB007C5CFE /* ViewController.swift */,
				8209BEB5244C9BBB007C5CFE /* Main.storyboard */,
				8209BEBB244C9BBB007C5CFE /* Assets.xcassets */,
				8209BEBD244C9BBB007C5CFE /* LaunchScreen.storyboard */,
				8209BEC0244C9BBB007C5CFE /* Info.plist */,
				8209BEB8244C9BBB007C5CFE /* KeyboardCtrl.xcdatamodeld */,
			);
			path = KeyboardCtrl;
			sourceTree = "<group>";
		};
		8209BEC8244C9BBB007C5CFE /* KeyboardCtrlTests */ = {
			isa = PBXGroup;
			children = (
				8209BEC9244C9BBB007C5CFE /* KeyboardCtrlTests.swift */,
				8209BECB244C9BBB007C5CFE /* Info.plist */,
			);
			path = KeyboardCtrlTests;
			sourceTree = "<group>";
		};
		8209BED3244C9BBC007C5CFE /* KeyboardCtrlUITests */ = {
			isa = PBXGroup;
			children = (
				8209BED4244C9BBC007C5CFE /* KeyboardCtrlUITests.swift */,
				8209BED6244C9BBC007C5CFE /* Info.plist */,
			);
			path = KeyboardCtrlUITests;
			sourceTree = "<group>";
		};
/* End PBXGroup section */

/* Begin PBXNativeTarget section */
		8209BEAB244C9BBB007C5CFE /* KeyboardCtrl */ = {
			isa = PBXNativeTarget;
			buildConfigurationList = 8209BED9244C9BBC007C5CFE /* Build configuration list for PBXNativeTarget "KeyboardCtrl" */;
			buildPhases = (
				8209BEA8244C9BBB007C5CFE /* Sources */,
				8209BEA9244C9BBB007C5CFE /* Frameworks */,
				8209BEAA244C9BBB007C5CFE /* Resources */,
			);
			buildRules = (
			);
			dependencies = (
			);
			name = KeyboardCtrl;
			productName = KeyboardCtrl;
			productReference = 8209BEAC244C9BBB007C5CFE /* KeyboardCtrl.app */;
			productType = "com.apple.product-type.application";
		};
		8209BEC4244C9BBB007C5CFE /* KeyboardCtrlTests */ = {
			isa = PBXNativeTarget;
			buildConfigurationList = 8209BEDC244C9BBC007C5CFE /* Build configuration list for PBXNativeTarget "KeyboardCtrlTests" */;
			buildPhases = (
				8209BEC1244C9BBB007C5CFE /* Sources */,
				8209BEC2244C9BBB007C5CFE /* Frameworks */,
				8209BEC3244C9BBB007C5CFE /* Resources */,
			);
			buildRules = (
			);
			dependencies = (
				8209BEC7244C9BBB007C5CFE /* PBXTargetDependency */,
			);
			name = KeyboardCtrlTests;
			productName = KeyboardCtrlTests;
			productReference = 8209BEC5244C9BBB007C5CFE /* KeyboardCtrlTests.xctest */;
			productType = "com.apple.product-type.bundle.unit-test";
		};
		8209BECF244C9BBC007C5CFE /* KeyboardCtrlUITests */ = {
			isa = PBXNativeTarget;
			buildConfigurationList = 8209BEDF244C9BBC007C5CFE /* Build configuration list for PBXNativeTarget "KeyboardCtrlUITests" */;
			buildPhases = (
				8209BECC244C9BBC007C5CFE /* Sources */,
				8209BECD244C9BBC007C5CFE /* Frameworks */,
				8209BECE244C9BBC007C5CFE /* Resources */,
			);
			buildRules = (
			);
			dependencies = (
				8209BED2244C9BBC007C5CFE /* PBXTargetDependency */,
			);
			name = KeyboardCtrlUITests;
			productName = KeyboardCtrlUITests;
			productReference = 8209BED0244C9BBC007C5CFE /* KeyboardCtrlUITests.xctest */;
			productType = "com.apple.product-type.bundle.ui-testing";
		};
/* End PBXNativeTarget section */

/* Begin PBXProject section */
		8209BEA4244C9BBA007C5CFE /* Project object */ = {
			isa = PBXProject;
			attributes = {
				LastSwiftUpdateCheck = 1140;
				LastUpgradeCheck = 1140;
				ORGANIZATIONNAME = "Abdulrhman A F  Alomairi";
				TargetAttributes = {
					8209BEAB244C9BBB007C5CFE = {
						CreatedOnToolsVersion = 11.4;
					};
					8209BEC4244C9BBB007C5CFE = {
						CreatedOnToolsVersion = 11.4;
						TestTargetID = 8209BEAB244C9BBB007C5CFE;
					};
					8209BECF244C9BBC007C5CFE = {
						CreatedOnToolsVersion = 11.4;
						TestTargetID = 8209BEAB244C9BBB007C5CFE;
					};
				};
			};
			buildConfigurationList = 8209BEA7244C9BBA007C5CFE /* Build configuration list for PBXProject "KeyboardCtrl" */;
			compatibilityVersion = "Xcode 9.3";
			developmentRegion = en;
			hasScannedForEncodings = 0;
			knownRegions = (
				en,
				Base,
			);
			mainGroup = 8209BEA3244C9BBA007C5CFE;
			productRefGroup = 8209BEAD244C9BBB007C5CFE /* Products */;
			projectDirPath = "";
			projectRoot = "";
			targets = (
				8209BEAB244C9BBB007C5CFE /* KeyboardCtrl */,
				8209BEC4244C9BBB007C5CFE /* KeyboardCtrlTests */,
				8209BECF244C9BBC007C5CFE /* KeyboardCtrlUITests */,
			);
		};
/* End PBXProject section */

/* Begin PBXResourcesBuildPhase section */
		8209BEAA244C9BBB007C5CFE /* Resources */ = {
			isa = PBXResourcesBuildPhase;
			buildActionMask = 2147483647;
			files = (
				8209BEBF244C9BBB007C5CFE /* LaunchScreen.storyboard in Resources */,
				8209BEBC244C9BBB007C5CFE /* Assets.xcassets in Resources */,
				8209BEB7244C9BBB007C5CFE /* Main.storyboard in Resources */,
			);
			runOnlyForDeploymentPostprocessing = 0;
		};
		8209BEC3244C9BBB007C5CFE /* Resources */ = {
			isa = PBXResourcesBuildPhase;
			buildActionMask = 2147483647;
			files = (
			);
			runOnlyForDeploymentPostprocessing = 0;
		};
		8209BECE244C9BBC007C5CFE /* Resources */ = {
			isa = PBXResourcesBuildPhase;
			buildActionMask = 2147483647;
			files = (
			);
			runOnlyForDeploymentPostprocessing = 0;
		};
/* End PBXResourcesBuildPhase section */

/* Begin PBXSourcesBuildPhase section */
		8209BEA8244C9BBB007C5CFE /* Sources */ = {
			isa = PBXSourcesBuildPhase;
			buildActionMask = 2147483647;
			files = (
				8209BEB4244C9BBB007C5CFE /* ViewController.swift in Sources */,
				8209BEB0244C9BBB007C5CFE /* AppDelegate.swift in Sources */,
				8209BEB2244C9BBB007C5CFE /* SceneDelegate.swift in Sources */,
				8209BEBA244C9BBB007C5CFE /* KeyboardCtrl.xcdatamodeld in Sources */,
			);
			runOnlyForDeploymentPostprocessing = 0;
		};
		8209BEC1244C9BBB007C5CFE /* Sources */ = {
			isa = PBXSourcesBuildPhase;
			buildActionMask = 2147483647;
			files = (
				8209BECA244C9BBB007C5CFE /* KeyboardCtrlTests.swift in Sources */,
			);
			runOnlyForDeploymentPostprocessing = 0;
		};
		8209BECC244C9BBC007C5CFE /* Sources */ = {
			isa = PBXSourcesBuildPhase;
			buildActionMask = 2147483647;
			files = (
				8209BED5244C9BBC007C5CFE /* KeyboardCtrlUITests.swift in Sources */,
			);
			runOnlyForDeploymentPostprocessing = 0;
		};
/* End PBXSourcesBuildPhase section */

/* Begin PBXTargetDependency section */
		8209BEC7244C9BBB007C5CFE /* PBXTargetDependency */ = {
			isa = PBXTargetDependency;
			target = 8209BEAB244C9BBB007C5CFE /* KeyboardCtrl */;
			targetProxy = 8209BEC6244C9BBB007C5CFE /* PBXContainerItemProxy */;
		};
		8209BED2244C9BBC007C5CFE /* PBXTargetDependency */ = {
			isa = PBXTargetDependency;
			target = 8209BEAB244C9BBB007C5CFE /* KeyboardCtrl */;
			targetProxy = 8209BED1244C9BBC007C5CFE /* PBXContainerItemProxy */;
		};
/* End PBXTargetDependency section */

/* Begin PBXVariantGroup section */
		8209BEB5244C9BBB007C5CFE /* Main.storyboard */ = {
			isa = PBXVariantGroup;
			children = (
				8209BEB6244C9BBB007C5CFE /* Base */,
			);
			name = Main.storyboard;
			sourceTree = "<group>";
		};
		8209BEBD244C9BBB007C5CFE /* LaunchScreen.storyboard */ = {
			isa = PBXVariantGroup;
			children = (
				8209BEBE244C9BBB007C5CFE /* Base */,
			);
			name = LaunchScreen.storyboard;
			sourceTree = "<group>";
		};
/* End PBXVariantGroup section */

/* Begin XCBuildConfiguration section */
		8209BED7244C9BBC007C5CFE /* Debug */ = {
			isa = XCBuildConfiguration;
			buildSettings = {
				ALWAYS_SEARCH_USER_PATHS = NO;
				CLANG_ANALYZER_NONNULL = YES;
				CLANG_ANALYZER_NUMBER_OBJECT_CONVERSION = YES_AGGRESSIVE;
				CLANG_CXX_LANGUAGE_STANDARD = "gnu++14";
				CLANG_CXX_LIBRARY = "libc++";
				CLANG_ENABLE_MODULES = YES;
				CLANG_ENABLE_OBJC_ARC = YES;
				CLANG_ENABLE_OBJC_WEAK = YES;
				CLANG_WARN_BLOCK_CAPTURE_AUTORELEASING = YES;
				CLANG_WARN_BOOL_CONVERSION = YES;
				CLANG_WARN_COMMA = YES;
				CLANG_WARN_CONSTANT_CONVERSION = YES;
				CLANG_WARN_DEPRECATED_OBJC_IMPLEMENTATIONS = YES;
				CLANG_WARN_DIRECT_OBJC_ISA_USAGE = YES_ERROR;
				CLANG_WARN_DOCUMENTATION_COMMENTS = YES;
				CLANG_WARN_EMPTY_BODY = YES;
				CLANG_WARN_ENUM_CONVERSION = YES;
				CLANG_WARN_INFINITE_RECURSION = YES;
				CLANG_WARN_INT_CONVERSION = YES;
				CLANG_WARN_NON_LITERAL_NULL_CONVERSION = YES;
				CLANG_WARN_OBJC_IMPLICIT_RETAIN_SELF = YES;
				CLANG_WARN_OBJC_LITERAL_CONVERSION = YES;
				CLANG_WARN_OBJC_ROOT_CLASS = YES_ERROR;
				CLANG_WARN_RANGE_LOOP_ANALYSIS = YES;
				CLANG_WARN_STRICT_PROTOTYPES = YES;
				CLANG_WARN_SUSPICIOUS_MOVE = YES;
				CLANG_WARN_UNGUARDED_AVAILABILITY = YES_AGGRESSIVE;
				CLANG_WARN_UNREACHABLE_CODE = YES;
				CLANG_WARN__DUPLICATE_METHOD_MATCH = YES;
				COPY_PHASE_STRIP = NO;
				DEBUG_INFORMATION_FORMAT = dwarf;
				ENABLE_STRICT_OBJC_MSGSEND = YES;
				ENABLE_TESTABILITY = YES;
				GCC_C_LANGUAGE_STANDARD = gnu11;
				GCC_DYNAMIC_NO_PIC = NO;
				GCC_NO_COMMON_BLOCKS = YES;
				GCC_OPTIMIZATION_LEVEL = 0;
				GCC_PREPROCESSOR_DEFINITIONS = (
					"DEBUG=1",
					"$(inherited)",
				);
				GCC_WARN_64_TO_32_BIT_CONVERSION = YES;
				GCC_WARN_ABOUT_RETURN_TYPE = YES_ERROR;
				GCC_WARN_UNDECLARED_SELECTOR = YES;
				GCC_WARN_UNINITIALIZED_AUTOS = YES_AGGRESSIVE;
				GCC_WARN_UNUSED_FUNCTION = YES;
				GCC_WARN_UNUSED_VARIABLE = YES;
				IPHONEOS_DEPLOYMENT_TARGET = 13.4;
				MTL_ENABLE_DEBUG_INFO = INCLUDE_SOURCE;
				MTL_FAST_MATH = YES;
				ONLY_ACTIVE_ARCH = YES;
				SDKROOT = iphoneos;
				SWIFT_ACTIVE_COMPILATION_CONDITIONS = DEBUG;
				SWIFT_OPTIMIZATION_LEVEL = "-Onone";
			};
			name = Debug;
		};
		8209BED8244C9BBC007C5CFE /* Release */ = {
			isa = XCBuildConfiguration;
			buildSettings = {
				ALWAYS_SEARCH_USER_PATHS = NO;
				CLANG_ANALYZER_NONNULL = YES;
				CLANG_ANALYZER_NUMBER_OBJECT_CONVERSION = YES_AGGRESSIVE;
				CLANG_CXX_LANGUAGE_STANDARD = "gnu++14";
				CLANG_CXX_LIBRARY = "libc++";
				CLANG_ENABLE_MODULES = YES;
				CLANG_ENABLE_OBJC_ARC = YES;
				CLANG_ENABLE_OBJC_WEAK = YES;
				CLANG_WARN_BLOCK_CAPTURE_AUTORELEASING = YES;
				CLANG_WARN_BOOL_CONVERSION = YES;
				CLANG_WARN_COMMA = YES;
				CLANG_WARN_CONSTANT_CONVERSION = YES;
				CLANG_WARN_DEPRECATED_OBJC_IMPLEMENTATIONS = YES;
				CLANG_WARN_DIRECT_OBJC_ISA_USAGE = YES_ERROR;
				CLANG_WARN_DOCUMENTATION_COMMENTS = YES;
				CLANG_WARN_EMPTY_BODY = YES;
				CLANG_WARN_ENUM_CONVERSION = YES;
				CLANG_WARN_INFINITE_RECURSION = YES;
				CLANG_WARN_INT_CONVERSION = YES;
				CLANG_WARN_NON_LITERAL_NULL_CONVERSION = YES;
				CLANG_WARN_OBJC_IMPLICIT_RETAIN_SELF = YES;
				CLANG_WARN_OBJC_LITERAL_CONVERSION = YES;
				CLANG_WARN_OBJC_ROOT_CLASS = YES_ERROR;
				CLANG_WARN_RANGE_LOOP_ANALYSIS = YES;
				CLANG_WARN_STRICT_PROTOTYPES = YES;
				CLANG_WARN_SUSPICIOUS_MOVE = YES;
				CLANG_WARN_UNGUARDED_AVAILABILITY = YES_AGGRESSIVE;
				CLANG_WARN_UNREACHABLE_CODE = YES;
				CLANG_WARN__DUPLICATE_METHOD_MATCH = YES;
				COPY_PHASE_STRIP = NO;
				DEBUG_INFORMATION_FORMAT = "dwarf-with-dsym";
				ENABLE_NS_ASSERTIONS = NO;
				ENABLE_STRICT_OBJC_MSGSEND = YES;
				GCC_C_LANGUAGE_STANDARD = gnu11;
				GCC_NO_COMMON_BLOCKS = YES;
				GCC_WARN_64_TO_32_BIT_CONVERSION = YES;
				GCC_WARN_ABOUT_RETURN_TYPE = YES_ERROR;
				GCC_WARN_UNDECLARED_SELECTOR = YES;
				GCC_WARN_UNINITIALIZED_AUTOS = YES_AGGRESSIVE;
				GCC_WARN_UNUSED_FUNCTION = YES;
				GCC_WARN_UNUSED_VARIABLE = YES;
				IPHONEOS_DEPLOYMENT_TARGET = 13.4;
				MTL_ENABLE_DEBUG_INFO = NO;
				MTL_FAST_MATH = YES;
				SDKROOT = iphoneos;
				SWIFT_COMPILATION_MODE = wholemodule;
				SWIFT_OPTIMIZATION_LEVEL = "-O";
				VALIDATE_PRODUCT = YES;
			};
			name = Release;
		};
		8209BEDA244C9BBC007C5CFE /* Debug */ = {
			isa = XCBuildConfiguration;
			buildSettings = {
				ASSETCATALOG_COMPILER_APPICON_NAME = AppIcon;
				CODE_SIGN_STYLE = Automatic;
				DEVELOPMENT_TEAM = 63P5DU942F;
				INFOPLIST_FILE = KeyboardCtrl/Info.plist;
				LD_RUNPATH_SEARCH_PATHS = (
					"$(inherited)",
					"@executable_path/Frameworks",
				);
				PRODUCT_BUNDLE_IDENTIFIER = masterbest.net.KeyboardCtrl;
				PRODUCT_NAME = "$(TARGET_NAME)";
				SWIFT_VERSION = 5.0;
				TARGETED_DEVICE_FAMILY = "1,2";
			};
			name = Debug;
		};
		8209BEDB244C9BBC007C5CFE /* Release */ = {
			isa = XCBuildConfiguration;
			buildSettings = {
				ASSETCATALOG_COMPILER_APPICON_NAME = AppIcon;
				CODE_SIGN_STYLE = Automatic;
				DEVELOPMENT_TEAM = 63P5DU942F;
				INFOPLIST_FILE = KeyboardCtrl/Info.plist;
				LD_RUNPATH_SEARCH_PATHS = (
					"$(inherited)",
					"@executable_path/Frameworks",
				);
				PRODUCT_BUNDLE_IDENTIFIER = masterbest.net.KeyboardCtrl;
				PRODUCT_NAME = "$(TARGET_NAME)";
				SWIFT_VERSION = 5.0;
				TARGETED_DEVICE_FAMILY = "1,2";
			};
			name = Release;
		};
		8209BEDD244C9BBC007C5CFE /* Debug */ = {
			isa = XCBuildConfiguration;
			buildSettings = {
				ALWAYS_EMBED_SWIFT_STANDARD_LIBRARIES = YES;
				BUNDLE_LOADER = "$(TEST_HOST)";
				CODE_SIGN_STYLE = Automatic;
				DEVELOPMENT_TEAM = 63P5DU942F;
				INFOPLIST_FILE = KeyboardCtrlTests/Info.plist;
				IPHONEOS_DEPLOYMENT_TARGET = 13.4;
				LD_RUNPATH_SEARCH_PATHS = (
					"$(inherited)",
					"@executable_path/Frameworks",
					"@loader_path/Frameworks",
				);
				PRODUCT_BUNDLE_IDENTIFIER = masterbest.net.KeyboardCtrlTests;
				PRODUCT_NAME = "$(TARGET_NAME)";
				SWIFT_VERSION = 5.0;
				TARGETED_DEVICE_FAMILY = "1,2";
				TEST_HOST = "$(BUILT_PRODUCTS_DIR)/KeyboardCtrl.app/KeyboardCtrl";
			};
			name = Debug;
		};
		8209BEDE244C9BBC007C5CFE /* Release */ = {
			isa = XCBuildConfiguration;
			buildSettings = {
				ALWAYS_EMBED_SWIFT_STANDARD_LIBRARIES = YES;
				BUNDLE_LOADER = "$(TEST_HOST)";
				CODE_SIGN_STYLE = Automatic;
				DEVELOPMENT_TEAM = 63P5DU942F;
				INFOPLIST_FILE = KeyboardCtrlTests/Info.plist;
				IPHONEOS_DEPLOYMENT_TARGET = 13.4;
				LD_RUNPATH_SEARCH_PATHS = (
					"$(inherited)",
					"@executable_path/Frameworks",
					"@loader_path/Frameworks",
				);
				PRODUCT_BUNDLE_IDENTIFIER = masterbest.net.KeyboardCtrlTests;
				PRODUCT_NAME = "$(TARGET_NAME)";
				SWIFT_VERSION = 5.0;
				TARGETED_DEVICE_FAMILY = "1,2";
				TEST_HOST = "$(BUILT_PRODUCTS_DIR)/KeyboardCtrl.app/KeyboardCtrl";
			};
			name = Release;
		};
		8209BEE0244C9BBC007C5CFE /* Debug */ = {
			isa = XCBuildConfiguration;
			buildSettings = {
				ALWAYS_EMBED_SWIFT_STANDARD_LIBRARIES = YES;
				CODE_SIGN_STYLE = Automatic;
				DEVELOPMENT_TEAM = 63P5DU942F;
				INFOPLIST_FILE = KeyboardCtrlUITests/Info.plist;
				LD_RUNPATH_SEARCH_PATHS = (
					"$(inherited)",
					"@executable_path/Frameworks",
					"@loader_path/Frameworks",
				);
				PRODUCT_BUNDLE_IDENTIFIER = masterbest.net.KeyboardCtrlUITests;
				PRODUCT_NAME = "$(TARGET_NAME)";
				SWIFT_VERSION = 5.0;
				TARGETED_DEVICE_FAMILY = "1,2";
				TEST_TARGET_NAME = KeyboardCtrl;
			};
			name = Debug;
		};
		8209BEE1244C9BBC007C5CFE /* Release */ = {
			isa = XCBuildConfiguration;
			buildSettings = {
				ALWAYS_EMBED_SWIFT_STANDARD_LIBRARIES = YES;
				CODE_SIGN_STYLE = Automatic;
				DEVELOPMENT_TEAM = 63P5DU942F;
				INFOPLIST_FILE = KeyboardCtrlUITests/Info.plist;
				LD_RUNPATH_SEARCH_PATHS = (
					"$(inherited)",
					"@executable_path/Frameworks",
					"@loader_path/Frameworks",
				);
				PRODUCT_BUNDLE_IDENTIFIER = masterbest.net.KeyboardCtrlUITests;
				PRODUCT_NAME = "$(TARGET_NAME)";
				SWIFT_VERSION = 5.0;
				TARGETED_DEVICE_FAMILY = "1,2";
				TEST_TARGET_NAME = KeyboardCtrl;
			};
			name = Release;
		};
/* End XCBuildConfiguration section */

/* Begin XCConfigurationList section */
		8209BEA7244C9BBA007C5CFE /* Build configuration list for PBXProject "KeyboardCtrl" */ = {
			isa = XCConfigurationList;
			buildConfigurations = (
				8209BED7244C9BBC007C5CFE /* Debug */,
				8209BED8244C9BBC007C5CFE /* Release */,
			);
			defaultConfigurationIsVisible = 0;
			defaultConfigurationName = Release;
		};
		8209BED9244C9BBC007C5CFE /* Build configuration list for PBXNativeTarget "KeyboardCtrl" */ = {
			isa = XCConfigurationList;
			buildConfigurations = (
				8209BEDA244C9BBC007C5CFE /* Debug */,
				8209BEDB244C9BBC007C5CFE /* Release */,
			);
			defaultConfigurationIsVisible = 0;
			defaultConfigurationName = Release;
		};
		8209BEDC244C9BBC007C5CFE /* Build configuration list for PBXNativeTarget "KeyboardCtrlTests" */ = {
			isa = XCConfigurationList;
			buildConfigurations = (
				8209BEDD244C9BBC007C5CFE /* Debug */,
				8209BEDE244C9BBC007C5CFE /* Release */,
			);
			defaultConfigurationIsVisible = 0;
			defaultConfigurationName = Release;
		};
		8209BEDF244C9BBC007C5CFE /* Build configuration list for PBXNativeTarget "KeyboardCtrlUITests" */ = {
			isa = XCConfigurationList;
			buildConfigurations = (
				8209BEE0244C9BBC007C5CFE /* Debug */,
				8209BEE1244C9BBC007C5CFE /* Release */,
			);
			defaultConfigurationIsVisible = 0;
			defaultConfigurationName = Release;
		};
/* End XCConfigurationList section */

/* Begin XCVersionGroup section */
		8209BEB8244C9BBB007C5CFE /* KeyboardCtrl.xcdatamodeld */ = {
			isa = XCVersionGroup;
			children = (
				8209BEB9244C9BBB007C5CFE /* KeyboardCtrl.xcdatamodel */,
			);
			currentVersion = 8209BEB9244C9BBB007C5CFE /* KeyboardCtrl.xcdatamodel */;
			path = KeyboardCtrl.xcdatamodeld;
			sourceTree = "<group>";
			versionGroupType = wrapper.xcdatamodel;
		};
/* End XCVersionGroup section */
	};
	rootObject = 8209BEA4244C9BBA007C5CFE /* Project object */;
}
